{
  "name": "bilzaa2d_demo001",
  "version": "0.0.1",
  "lockfileVersion": 1,
  "requires": true,
  "dependencies": {
    "@bilzaa.com/arrayofobjects": {
      "version": "1.1.6",
      "resolved": "https://registry.npmjs.org/@bilzaa.com/arrayofobjects/-/arrayofobjects-1.1.6.tgz",
      "integrity": "sha512-a3e4duhOMgXSwXr5FchaZ6gIqjxzsWpt2XCi8FaIxu67rbL0HRuOzWEYf+IYiah3JiSpldvSHDbbVR+EEoI7IA==",
      "requires": {
        "validator99": "0.0.1"
      }
    },
    "aninumber": {
      "version": "1.1.1",
      "resolved": "https://registry.npmjs.org/aninumber/-/aninumber-1.1.1.tgz",
      "integrity": "sha512-qBtgZ0s/SoYa7f0XL0T3CSth3HV+CWqT+7I0yq9BgSagntjV5Sd/VlBzgv1yaoJZSG3YtQ19gOSwHwyx3Y7qFg==",
      "requires": {
        "@bilzaa.com/arrayofobjects": "0.0.2"
      },
      "dependencies": {
        "@bilzaa.com/arrayofobjects": {
          "version": "0.0.2",
          "resolved": "https://registry.npmjs.org/@bilzaa.com/arrayofobjects/-/arrayofobjects-0.0.2.tgz",
          "integrity": "sha512-ukhRKtLRqOWYtdj+LuoxGwyVaQglR1tCqe2+AZjULBiqHNDrzmOQaMZcUArWfWVujKrtMS32v3DhnSpRXM+L4A=="
        }
      }
    },
    "bilzaa2d": {
      "version": "0.0.1",
      "resolved": "https://registry.npmjs.org/bilzaa2d/-/bilzaa2d-0.0.1.tgz",
      "integrity": "sha512-qRyxq96C5OAiyCRMYsXDIGxSUt65zV0NVyO5AFyu23pevGcgIdKPzGeH80xYLkOo0p/EKyeEjf/zHy2jvdMJGw==",
      "requires": {
        "@bilzaa.com/arrayofobjects": "^1.1.6",
        "aninumber": "^1.1.1",
        "metal99": "^0.0.3",
        "playhead99": "^1.1.0",
        "shapes99": "^0.1.9"
      },
      "dependencies": {
        "shapes99": {
          "version": "0.1.9",
          "resolved": "https://registry.npmjs.org/shapes99/-/shapes99-0.1.9.tgz",
          "integrity": "sha512-SyTODarKnySGNkQUOq3bJJkKADc7G8tXJw134Wt3zRVu4a4u0pZCVeFW2leHTppVVhysOQiiCd6YX3MN6oMUKA==",
          "requires": {
            "@bilzaa.com/arrayofobjects": "^1.1.5",
            "aninumber": "^1.1.1"
          }
        }
      }
    },
    "metal99": {
      "version": "0.0.3",
      "resolved": "https://registry.npmjs.org/metal99/-/metal99-0.0.3.tgz",
      "integrity": "sha512-rymCC3jcpIMGDzrcwvn6u7QIdcAoRow96dwQ0vcQYMtYECjbYHhpLr5bXsG3vIaZOpcRFqh5rHaF2pdN4MKIIg==",
      "requires": {
        "@bilzaa.com/arrayofobjects": "^1.1.6"
      }
    },
    "playhead99": {
      "version": "1.1.0",
      "resolved": "https://registry.npmjs.org/playhead99/-/playhead99-1.1.0.tgz",
      "integrity": "sha512-rFzidK8LaEjS+0AKCg2P+u6EkbeZr1ZhDZF8aWQMHcUDg8L5rXOLrpj3wHPFkRrXTBYqfylP7d4XuwI/lBi+cw=="
    },
    "shapes99": {
      "version": "0.2.9",
      "resolved": "https://registry.npmjs.org/shapes99/-/shapes99-0.2.9.tgz",
      "integrity": "sha512-5FZaPgDr6nPeaDQHeZyhMNPVlBt6O/9A9MzE0FjLWLQMled8eH8kj/UMQUBFnStmJxfXeW8oE1R3hL8pxiLfww==",
      "requires": {
        "@bilzaa.com/arrayofobjects": "^1.1.5",
        "aninumber": "^1.1.1"
      }
    },
    "validator99": {
      "version": "0.0.1",
      "resolved": "https://registry.npmjs.org/validator99/-/validator99-0.0.1.tgz",
      "integrity": "sha512-Gx81JRKeqNRlPvHxY9C7Xy83DSSwcgGHnYtxAgpNaFqLWZd6yGMuS8j+8goYoeKYG/3lUW7OFn94BrUoIKj7UQ=="
    }
  }
}
