{
  "name": "bilzaa2d_demo001",
  "version": "0.0.1",
  "lockfileVersion": 1,
  "requires": true,
  "dependencies": {
    "@bilzaa.com/arrayofobjects": {
      "version": "1.1.7",
      "resolved": "https://registry.npmjs.org/@bilzaa.com/arrayofobjects/-/arrayofobjects-1.1.7.tgz",
      "integrity": "sha512-fzEp+STVah1O3HheHsFRtU3LP7BXDp50VmdiGlNofu1zqY+Fo0IWFLJ2/0mDWhvZCCy6puoQoFgmcnIgFi12Dw==",
      "requires": {
        "validator99": "1.0.0"
      }
    },
    "aninumber": {
      "version": "1.1.2",
      "resolved": "https://registry.npmjs.org/aninumber/-/aninumber-1.1.2.tgz",
      "integrity": "sha512-yZHwz9LVgu80xz+UcC27nuXwmx9nPGgAnbh5xY7vkdzpl16qUWeudPF6PdBFfdzK1cwnokuHKXi8sd0LsiP3Xg==",
      "requires": {
        "@bilzaa.com/arrayofobjects": "0.0.2"
      },
      "dependencies": {
        "@bilzaa.com/arrayofobjects": {
          "version": "0.0.2",
          "resolved": "https://registry.npmjs.org/@bilzaa.com/arrayofobjects/-/arrayofobjects-0.0.2.tgz",
          "integrity": "sha512-ukhRKtLRqOWYtdj+LuoxGwyVaQglR1tCqe2+AZjULBiqHNDrzmOQaMZcUArWfWVujKrtMS32v3DhnSpRXM+L4A=="
        }
      }
    },
    "bilzaa2d": {
      "version": "0.0.2",
      "resolved": "https://registry.npmjs.org/bilzaa2d/-/bilzaa2d-0.0.2.tgz",
      "integrity": "sha512-vaxMOJSGeyCPDg+QInbTWn8wneEK3vp5JFA724vuGYSl6kRvZ524xlnX8F7dcyflbyyJlP48C3wht0FtMhQEnQ==",
      "requires": {
        "playhead99": "^1.2.0",
        "shapes99": "^0.3.9"
      },
      "dependencies": {
        "shapes99": {
          "version": "0.3.9",
          "resolved": "https://registry.npmjs.org/shapes99/-/shapes99-0.3.9.tgz",
          "integrity": "sha512-bNXM1xK/vDIME5rKXMywa4WO0zVgBsIFfm3CvHlPLaS9IyoztrxgkhV+4Sk+qqEuwlh84+6pHa9SlRR4ALcNjQ==",
          "requires": {
            "@bilzaa.com/arrayofobjects": "^1.1.7",
            "aninumber": "^1.1.2"
          }
        }
      }
    },
    "fsevents": {
      "version": "2.3.2",
      "resolved": "https://registry.npmjs.org/fsevents/-/fsevents-2.3.2.tgz",
      "integrity": "sha512-xiqMQR4xAeHTuB9uWm+fFRcIOgKBMiOBP+eXiyT7jsgVCq1bkVygt00oASowB7EdtpOHaaPgKt812P9ab+DDKA==",
      "dev": true,
      "optional": true
    },
    "playhead99": {
      "version": "1.2.0",
      "resolved": "https://registry.npmjs.org/playhead99/-/playhead99-1.2.0.tgz",
      "integrity": "sha512-dB0A7W6HiQX00Ib6rrFoLwpQ6bnq67xxQKuO275HQ3m/+hW6tl1vPF8bW95sTldksdOCTjrRwIRYdCZ3U4qRhg=="
    },
    "rollup": {
      "version": "2.47.0",
      "resolved": "https://registry.npmjs.org/rollup/-/rollup-2.47.0.tgz",
      "integrity": "sha512-rqBjgq9hQfW0vRmz+0S062ORRNJXvwRpzxhFXORvar/maZqY6za3rgQ/p1Glg+j1hnc1GtYyQCPiAei95uTElg==",
      "dev": true,
      "requires": {
        "fsevents": "~2.3.1"
      }
    },
    "uglify-js": {
      "version": "3.13.5",
      "resolved": "https://registry.npmjs.org/uglify-js/-/uglify-js-3.13.5.tgz",
      "integrity": "sha512-xtB8yEqIkn7zmOyS2zUNBsYCBRhDkvlNxMMY2smuJ/qA8NCHeQvKCF3i9Z4k8FJH4+PJvZRtMrPynfZ75+CSZw=="
    },
    "validator99": {
      "version": "1.0.0",
      "resolved": "https://registry.npmjs.org/validator99/-/validator99-1.0.0.tgz",
      "integrity": "sha512-ZYoHnMGDzbXHLEF6PYSfRVKwmQOYPlyN92w341zbN4V/4cnM8/u7qzXftgLcBuvv3GGe64nhkQiP2kn+wbx4eQ=="
    }
  }
}
